// !$*UTF8*$!
{
	archiveVersion = 1;
	classes = {
	};
	objectVersion = 51;
	objects = {

/* Begin PBXBuildFile section */
		823CE1A9240D4388008E9485 /* PushNotificationManager.swift in Sources */ = {isa = PBXBuildFile; fileRef = 823CE1A8240D4388008E9485 /* PushNotificationManager.swift */; };
		823CE1AB240D47A5008E9485 /* PushNotificationsSender.swift in Sources */ = {isa = PBXBuildFile; fileRef = 823CE1AA240D47A5008E9485 /* PushNotificationsSender.swift */; };
		825FAF332409A6E300C99063 /* NetworkExtension.framework in Frameworks */ = {isa = PBXBuildFile; fileRef = 825FAF322409A6E300C99063 /* NetworkExtension.framework */; };
		82664AAE24087135008ED6F0 /* NoticiaTableViewCell.swift in Sources */ = {isa = PBXBuildFile; fileRef = 82664AAD24087135008ED6F0 /* NoticiaTableViewCell.swift */; };
		827046CC240816A7006B1AB4 /* AvisosDetallViewController.swift in Sources */ = {isa = PBXBuildFile; fileRef = 827046CB240816A7006B1AB4 /* AvisosDetallViewController.swift */; };
		828F8463240A7628001AB3BC /* README.md in Resources */ = {isa = PBXBuildFile; fileRef = 828F8462240A7628001AB3BC /* README.md */; };
		828F87CE240E7D0300481E8D /* AssignaturaDetailedViewController.swift in Sources */ = {isa = PBXBuildFile; fileRef = 828F87CD240E7D0300481E8D /* AssignaturaDetailedViewController.swift */; };
		828F87D1240E85F100481E8D /* MapViewController.swift in Sources */ = {isa = PBXBuildFile; fileRef = 828F87D0240E85F100481E8D /* MapViewController.swift */; };
		828F87D9240E8B1700481E8D /* FIB.kml in Resources */ = {isa = PBXBuildFile; fileRef = 828F87D8240E8B1700481E8D /* FIB.kml */; };
		829521EE240C5EC500884739 /* LICENSE in Resources */ = {isa = PBXBuildFile; fileRef = 829521ED240C5EC400884739 /* LICENSE */; };
		82A5802F240D5BB00053164F /* Localizable.strings in Resources */ = {isa = PBXBuildFile; fileRef = 82A58031240D5BB00053164F /* Localizable.strings */; };
		82AD7FB623EC644E003A1790 /* AppDelegate.swift in Sources */ = {isa = PBXBuildFile; fileRef = 82AD7FB523EC644E003A1790 /* AppDelegate.swift */; };
		82AD7FB823EC644E003A1790 /* SceneDelegate.swift in Sources */ = {isa = PBXBuildFile; fileRef = 82AD7FB723EC644E003A1790 /* SceneDelegate.swift */; };
		82AD7FBC23EC644E003A1790 /* AsignaturasTableViewController.swift in Sources */ = {isa = PBXBuildFile; fileRef = 82AD7FBB23EC644E003A1790 /* AsignaturasTableViewController.swift */; };
		82AD7FBF23EC644E003A1790 /* Main.storyboard in Resources */ = {isa = PBXBuildFile; fileRef = 82AD7FBD23EC644E003A1790 /* Main.storyboard */; };
		82AD7FC123EC6450003A1790 /* Assets.xcassets in Resources */ = {isa = PBXBuildFile; fileRef = 82AD7FC023EC6450003A1790 /* Assets.xcassets */; };
		82AD7FC423EC6450003A1790 /* LaunchScreen.storyboard in Resources */ = {isa = PBXBuildFile; fileRef = 82AD7FC223EC6450003A1790 /* LaunchScreen.storyboard */; };
		82B14A992406ED7B00F8DDA4 /* RacoAPIManager.swift in Sources */ = {isa = PBXBuildFile; fileRef = 82B14A982406ED7B00F8DDA4 /* RacoAPIManager.swift */; };
		82B14A9B2406EDCB00F8DDA4 /* LogInViewController.swift in Sources */ = {isa = PBXBuildFile; fileRef = 82B14A9A2406EDCB00F8DDA4 /* LogInViewController.swift */; };
		82B14A9D2406F2E500F8DDA4 /* Utils.swift in Sources */ = {isa = PBXBuildFile; fileRef = 82B14A9C2406F2E500F8DDA4 /* Utils.swift */; };
		82B14AAB240708AA00F8DDA4 /* TokenResponse.swift in Sources */ = {isa = PBXBuildFile; fileRef = 82B14AAA240708AA00F8DDA4 /* TokenResponse.swift */; };
		82B14AAD2407321400F8DDA4 /* References.swift in Sources */ = {isa = PBXBuildFile; fileRef = 82B14AAC2407321400F8DDA4 /* References.swift */; };
		82B14AAF2407327D00F8DDA4 /* AvisosTableViewController.swift in Sources */ = {isa = PBXBuildFile; fileRef = 82B14AAE2407327D00F8DDA4 /* AvisosTableViewController.swift */; };
		82B14AB12407332C00F8DDA4 /* Avis.swift in Sources */ = {isa = PBXBuildFile; fileRef = 82B14AB02407332C00F8DDA4 /* Avis.swift */; };
		82B42FEF23EDA44E0022AB6C /* HorariViewController.swift in Sources */ = {isa = PBXBuildFile; fileRef = 82B42FEE23EDA44E0022AB6C /* HorariViewController.swift */; };
		82B42FF523EDA7BC0022AB6C /* NoticiesTableViewController.swift in Sources */ = {isa = PBXBuildFile; fileRef = 82B42FF423EDA7BC0022AB6C /* NoticiesTableViewController.swift */; };
		82B42FF723EDAC880022AB6C /* ConfiguracionTableViewController.swift in Sources */ = {isa = PBXBuildFile; fileRef = 82B42FF623EDAC880022AB6C /* ConfiguracionTableViewController.swift */; };
		82B42FF923EDAC9A0022AB6C /* SalasBRGFViewController.swift in Sources */ = {isa = PBXBuildFile; fileRef = 82B42FF823EDAC9A0022AB6C /* SalasBRGFViewController.swift */; };
		82B42FFB23EDACA00022AB6C /* LabsViewController.swift in Sources */ = {isa = PBXBuildFile; fileRef = 82B42FFA23EDACA00022AB6C /* LabsViewController.swift */; };
		82B42FFE23EDB0E90022AB6C /* MenuTableViewController.swift in Sources */ = {isa = PBXBuildFile; fileRef = 82B42FFD23EDB0E90022AB6C /* MenuTableViewController.swift */; };
		82B4300023EDB8A70022AB6C /* UIColor+HexCode.swift in Sources */ = {isa = PBXBuildFile; fileRef = 82B42FFF23EDB8A70022AB6C /* UIColor+HexCode.swift */; };
		82B4300823EDBB610022AB6C /* User.swift in Sources */ = {isa = PBXBuildFile; fileRef = 82B4300623EDBB610022AB6C /* User.swift */; };
		82C2EC0A240D19D500F7EA72 /* RacoMobile.xcdatamodeld in Sources */ = {isa = PBXBuildFile; fileRef = 82C2EC08240D19D500F7EA72 /* RacoMobile.xcdatamodeld */; };
		82DABD2D2407FD4700BAA67E /* AvisosTableViewCell.swift in Sources */ = {isa = PBXBuildFile; fileRef = 82DABD2C2407FD4700BAA67E /* AvisosTableViewCell.swift */; };
		82F3EF3724094FDB008A12E3 /* Horari.swift in Sources */ = {isa = PBXBuildFile; fileRef = 82F3EF3624094FDB008A12E3 /* Horari.swift */; };
		82F3EF3924096760008A12E3 /* Assignatura.swift in Sources */ = {isa = PBXBuildFile; fileRef = 82F3EF3824096760008A12E3 /* Assignatura.swift */; };
		82F3EF3B24096979008A12E3 /* AssignaturaTableViewCell.swift in Sources */ = {isa = PBXBuildFile; fileRef = 82F3EF3A24096979008A12E3 /* AssignaturaTableViewCell.swift */; };
		82F3EF3D24096DAA008A12E3 /* GoogleService-Info.plist in Resources */ = {isa = PBXBuildFile; fileRef = 82F3EF3C24096DAA008A12E3 /* GoogleService-Info.plist */; };
		B2CFD41C8973099E38BED3A1 /* Pods_RacoMobile.framework in Frameworks */ = {isa = PBXBuildFile; fileRef = 85AE2201D07DB03CF53BA122 /* Pods_RacoMobile.framework */; };
/* End PBXBuildFile section */

/* Begin PBXFileReference section */
		2B8E92835E648DA953FCFD5C /* Pods-RacoMobile.release.xcconfig */ = {isa = PBXFileReference; includeInIndex = 1; lastKnownFileType = text.xcconfig; name = "Pods-RacoMobile.release.xcconfig"; path = "Target Support Files/Pods-RacoMobile/Pods-RacoMobile.release.xcconfig"; sourceTree = "<group>"; };
		823CE1A8240D4388008E9485 /* PushNotificationManager.swift */ = {isa = PBXFileReference; lastKnownFileType = sourcecode.swift; path = PushNotificationManager.swift; sourceTree = "<group>"; };
		823CE1AA240D47A5008E9485 /* PushNotificationsSender.swift */ = {isa = PBXFileReference; lastKnownFileType = sourcecode.swift; path = PushNotificationsSender.swift; sourceTree = "<group>"; };
		825FAF312409A6C600C99063 /* elRacoMobile.entitlements */ = {isa = PBXFileReference; lastKnownFileType = text.plist.entitlements; path = elRacoMobile.entitlements; sourceTree = "<group>"; };
		825FAF322409A6E300C99063 /* NetworkExtension.framework */ = {isa = PBXFileReference; lastKnownFileType = wrapper.framework; name = NetworkExtension.framework; path = System/Library/Frameworks/NetworkExtension.framework; sourceTree = SDKROOT; };
		82664AAD24087135008ED6F0 /* NoticiaTableViewCell.swift */ = {isa = PBXFileReference; lastKnownFileType = sourcecode.swift; path = NoticiaTableViewCell.swift; sourceTree = "<group>"; };
		827046CB240816A7006B1AB4 /* AvisosDetallViewController.swift */ = {isa = PBXFileReference; lastKnownFileType = sourcecode.swift; path = AvisosDetallViewController.swift; sourceTree = "<group>"; };
		828561372413BC5200B34E75 /* es */ = {isa = PBXFileReference; lastKnownFileType = text.plist.strings; name = es; path = es.lproj/Main.strings; sourceTree = "<group>"; };
		828561382413BC5200B34E75 /* es */ = {isa = PBXFileReference; lastKnownFileType = text.plist.strings; name = es; path = es.lproj/LaunchScreen.strings; sourceTree = "<group>"; };
		828561392413BC5300B34E75 /* es */ = {isa = PBXFileReference; lastKnownFileType = text.plist.strings; name = es; path = es.lproj/Localizable.strings; sourceTree = "<group>"; };
		8285613A2413BC6F00B34E75 /* ca */ = {isa = PBXFileReference; lastKnownFileType = text.plist.strings; name = ca; path = ca.lproj/Main.strings; sourceTree = "<group>"; };
		8285613B2413BC6F00B34E75 /* ca */ = {isa = PBXFileReference; lastKnownFileType = text.plist.strings; name = ca; path = ca.lproj/LaunchScreen.strings; sourceTree = "<group>"; };
		8285613C2413BC7000B34E75 /* ca */ = {isa = PBXFileReference; lastKnownFileType = text.plist.strings; name = ca; path = ca.lproj/Localizable.strings; sourceTree = "<group>"; };
		828F8462240A7628001AB3BC /* README.md */ = {isa = PBXFileReference; fileEncoding = 4; lastKnownFileType = net.daringfireball.markdown; path = README.md; sourceTree = "<group>"; };
		828F87CD240E7D0300481E8D /* AssignaturaDetailedViewController.swift */ = {isa = PBXFileReference; lastKnownFileType = sourcecode.swift; path = AssignaturaDetailedViewController.swift; sourceTree = "<group>"; };
		828F87D0240E85F100481E8D /* MapViewController.swift */ = {isa = PBXFileReference; lastKnownFileType = sourcecode.swift; path = MapViewController.swift; sourceTree = "<group>"; };
		828F87D8240E8B1700481E8D /* FIB.kml */ = {isa = PBXFileReference; fileEncoding = 4; lastKnownFileType = text.xml; path = FIB.kml; sourceTree = "<group>"; };
		829521ED240C5EC400884739 /* LICENSE */ = {isa = PBXFileReference; fileEncoding = 4; lastKnownFileType = text; path = LICENSE; sourceTree = "<group>"; };
		82A58030240D5BB00053164F /* en */ = {isa = PBXFileReference; lastKnownFileType = text.plist.strings; name = en; path = en.lproj/Localizable.strings; sourceTree = "<group>"; };
		82AD7FB223EC644E003A1790 /* elRacoMobile.app */ = {isa = PBXFileReference; explicitFileType = wrapper.application; includeInIndex = 0; path = elRacoMobile.app; sourceTree = BUILT_PRODUCTS_DIR; };
		82AD7FB523EC644E003A1790 /* AppDelegate.swift */ = {isa = PBXFileReference; lastKnownFileType = sourcecode.swift; path = AppDelegate.swift; sourceTree = "<group>"; };
		82AD7FB723EC644E003A1790 /* SceneDelegate.swift */ = {isa = PBXFileReference; lastKnownFileType = sourcecode.swift; path = SceneDelegate.swift; sourceTree = "<group>"; };
		82AD7FBB23EC644E003A1790 /* AsignaturasTableViewController.swift */ = {isa = PBXFileReference; lastKnownFileType = sourcecode.swift; path = AsignaturasTableViewController.swift; sourceTree = "<group>"; };
		82AD7FBE23EC644E003A1790 /* Base */ = {isa = PBXFileReference; lastKnownFileType = file.storyboard; name = Base; path = Base.lproj/Main.storyboard; sourceTree = "<group>"; };
		82AD7FC023EC6450003A1790 /* Assets.xcassets */ = {isa = PBXFileReference; lastKnownFileType = folder.assetcatalog; path = Assets.xcassets; sourceTree = "<group>"; };
		82AD7FC323EC6450003A1790 /* Base */ = {isa = PBXFileReference; lastKnownFileType = file.storyboard; name = Base; path = Base.lproj/LaunchScreen.storyboard; sourceTree = "<group>"; };
		82AD7FC523EC6450003A1790 /* Info.plist */ = {isa = PBXFileReference; lastKnownFileType = text.plist.xml; path = Info.plist; sourceTree = "<group>"; };
		82B14A982406ED7B00F8DDA4 /* RacoAPIManager.swift */ = {isa = PBXFileReference; lastKnownFileType = sourcecode.swift; path = RacoAPIManager.swift; sourceTree = "<group>"; };
		82B14A9A2406EDCB00F8DDA4 /* LogInViewController.swift */ = {isa = PBXFileReference; lastKnownFileType = sourcecode.swift; path = LogInViewController.swift; sourceTree = "<group>"; };
		82B14A9C2406F2E500F8DDA4 /* Utils.swift */ = {isa = PBXFileReference; lastKnownFileType = sourcecode.swift; path = Utils.swift; sourceTree = "<group>"; };
		82B14AAA240708AA00F8DDA4 /* TokenResponse.swift */ = {isa = PBXFileReference; lastKnownFileType = sourcecode.swift; path = TokenResponse.swift; sourceTree = "<group>"; };
		82B14AAC2407321400F8DDA4 /* References.swift */ = {isa = PBXFileReference; lastKnownFileType = sourcecode.swift; path = References.swift; sourceTree = "<group>"; };
		82B14AAE2407327D00F8DDA4 /* AvisosTableViewController.swift */ = {isa = PBXFileReference; lastKnownFileType = sourcecode.swift; path = AvisosTableViewController.swift; sourceTree = "<group>"; };
		82B14AB02407332C00F8DDA4 /* Avis.swift */ = {isa = PBXFileReference; lastKnownFileType = sourcecode.swift; path = Avis.swift; sourceTree = "<group>"; };
		82B42FEE23EDA44E0022AB6C /* HorariViewController.swift */ = {isa = PBXFileReference; lastKnownFileType = sourcecode.swift; path = HorariViewController.swift; sourceTree = "<group>"; };
		82B42FF023EDA6DA0022AB6C /* SpreadsheetView.framework */ = {isa = PBXFileReference; explicitFileType = wrapper.framework; path = SpreadsheetView.framework; sourceTree = BUILT_PRODUCTS_DIR; };
		82B42FF423EDA7BC0022AB6C /* NoticiesTableViewController.swift */ = {isa = PBXFileReference; lastKnownFileType = sourcecode.swift; path = NoticiesTableViewController.swift; sourceTree = "<group>"; };
		82B42FF623EDAC880022AB6C /* ConfiguracionTableViewController.swift */ = {isa = PBXFileReference; lastKnownFileType = sourcecode.swift; path = ConfiguracionTableViewController.swift; sourceTree = "<group>"; };
		82B42FF823EDAC9A0022AB6C /* SalasBRGFViewController.swift */ = {isa = PBXFileReference; lastKnownFileType = sourcecode.swift; path = SalasBRGFViewController.swift; sourceTree = "<group>"; };
		82B42FFA23EDACA00022AB6C /* LabsViewController.swift */ = {isa = PBXFileReference; lastKnownFileType = sourcecode.swift; path = LabsViewController.swift; sourceTree = "<group>"; };
		82B42FFD23EDB0E90022AB6C /* MenuTableViewController.swift */ = {isa = PBXFileReference; lastKnownFileType = sourcecode.swift; path = MenuTableViewController.swift; sourceTree = "<group>"; };
		82B42FFF23EDB8A70022AB6C /* UIColor+HexCode.swift */ = {isa = PBXFileReference; fileEncoding = 4; lastKnownFileType = sourcecode.swift; path = "UIColor+HexCode.swift"; sourceTree = "<group>"; };
		82B4300623EDBB610022AB6C /* User.swift */ = {isa = PBXFileReference; fileEncoding = 4; lastKnownFileType = sourcecode.swift; path = User.swift; sourceTree = "<group>"; };
		82C2EC09240D19D500F7EA72 /* RacoMobile.xcdatamodel */ = {isa = PBXFileReference; lastKnownFileType = wrapper.xcdatamodel; path = RacoMobile.xcdatamodel; sourceTree = "<group>"; };
		82DABD2C2407FD4700BAA67E /* AvisosTableViewCell.swift */ = {isa = PBXFileReference; lastKnownFileType = sourcecode.swift; path = AvisosTableViewCell.swift; sourceTree = "<group>"; };
		82F3EF3624094FDB008A12E3 /* Horari.swift */ = {isa = PBXFileReference; lastKnownFileType = sourcecode.swift; path = Horari.swift; sourceTree = "<group>"; };
		82F3EF3824096760008A12E3 /* Assignatura.swift */ = {isa = PBXFileReference; lastKnownFileType = sourcecode.swift; path = Assignatura.swift; sourceTree = "<group>"; };
		82F3EF3A24096979008A12E3 /* AssignaturaTableViewCell.swift */ = {isa = PBXFileReference; lastKnownFileType = sourcecode.swift; path = AssignaturaTableViewCell.swift; sourceTree = "<group>"; };
		82F3EF3C24096DAA008A12E3 /* GoogleService-Info.plist */ = {isa = PBXFileReference; fileEncoding = 4; lastKnownFileType = text.plist.xml; path = "GoogleService-Info.plist"; sourceTree = "<group>"; };
		85AE2201D07DB03CF53BA122 /* Pods_RacoMobile.framework */ = {isa = PBXFileReference; explicitFileType = wrapper.framework; includeInIndex = 0; path = Pods_RacoMobile.framework; sourceTree = BUILT_PRODUCTS_DIR; };
		E469655B9BE0322C11FBE98B /* Pods-RacoMobile.debug.xcconfig */ = {isa = PBXFileReference; includeInIndex = 1; lastKnownFileType = text.xcconfig; name = "Pods-RacoMobile.debug.xcconfig"; path = "Target Support Files/Pods-RacoMobile/Pods-RacoMobile.debug.xcconfig"; sourceTree = "<group>"; };
/* End PBXFileReference section */

/* Begin PBXFrameworksBuildPhase section */
		82AD7FAF23EC644E003A1790 /* Frameworks */ = {
			isa = PBXFrameworksBuildPhase;
			buildActionMask = 2147483647;
			files = (
				B2CFD41C8973099E38BED3A1 /* Pods_RacoMobile.framework in Frameworks */,
				825FAF332409A6E300C99063 /* NetworkExtension.framework in Frameworks */,
			);
			runOnlyForDeploymentPostprocessing = 0;
		};
/* End PBXFrameworksBuildPhase section */

/* Begin PBXGroup section */
		7E6DCBCFA23E3DA2A3D3A2C3 /* Pods */ = {
			isa = PBXGroup;
			children = (
				E469655B9BE0322C11FBE98B /* Pods-RacoMobile.debug.xcconfig */,
				2B8E92835E648DA953FCFD5C /* Pods-RacoMobile.release.xcconfig */,
			);
			path = Pods;
			sourceTree = "<group>";
		};
		828F87D6240E89B200481E8D /* Mapa */ = {
			isa = PBXGroup;
			children = (
				828F87D0240E85F100481E8D /* MapViewController.swift */,
				828F87D8240E8B1700481E8D /* FIB.kml */,
			);
			path = Mapa;
			sourceTree = "<group>";
		};
		82AD7FA923EC644E003A1790 = {
			isa = PBXGroup;
			children = (
				828F8462240A7628001AB3BC /* README.md */,
				829521ED240C5EC400884739 /* LICENSE */,
				82AD7FB423EC644E003A1790 /* RacoMobile */,
				82AD7FB323EC644E003A1790 /* Products */,
				7E6DCBCFA23E3DA2A3D3A2C3 /* Pods */,
				BB2A7AD30148FE4F1C9D9F31 /* Frameworks */,
			);
			sourceTree = "<group>";
		};
		82AD7FB323EC644E003A1790 /* Products */ = {
			isa = PBXGroup;
			children = (
				82AD7FB223EC644E003A1790 /* elRacoMobile.app */,
			);
			name = Products;
			sourceTree = "<group>";
		};
		82AD7FB423EC644E003A1790 /* RacoMobile */ = {
			isa = PBXGroup;
			children = (
				825FAF312409A6C600C99063 /* elRacoMobile.entitlements */,
				82AD7FB523EC644E003A1790 /* AppDelegate.swift */,
				82AD7FB723EC644E003A1790 /* SceneDelegate.swift */,
				82B14AAC2407321400F8DDA4 /* References.swift */,
				823CE1A8240D4388008E9485 /* PushNotificationManager.swift */,
				823CE1AA240D47A5008E9485 /* PushNotificationsSender.swift */,
				82B4300423EDBB610022AB6C /* Models */,
				82B42FFC23EDACA90022AB6C /* ViewControllers */,
				82B4300123EDB8AD0022AB6C /* Extensions */,
				82A58031240D5BB00053164F /* Localizable.strings */,
				82AD7FC023EC6450003A1790 /* Assets.xcassets */,
				82AD7FC223EC6450003A1790 /* LaunchScreen.storyboard */,
				82AD7FC523EC6450003A1790 /* Info.plist */,
				82F3EF3C24096DAA008A12E3 /* GoogleService-Info.plist */,
				82C2EC08240D19D500F7EA72 /* RacoMobile.xcdatamodeld */,
			);
			path = RacoMobile;
			sourceTree = "<group>";
		};
		82B42FFC23EDACA90022AB6C /* ViewControllers */ = {
			isa = PBXGroup;
			children = (
				82DABD2E2407FD4B00BAA67E /* Avisos */,
				82DABD2F2407FD5500BAA67E /* Assignatures */,
				82DABD302407FD5C00BAA67E /* Noticies */,
				82DABD312407FD6200BAA67E /* Horari */,
				82DABD322407FD6F00BAA67E /* Menu */,
				82B14A9A2406EDCB00F8DDA4 /* LogInViewController.swift */,
				82AD7FBD23EC644E003A1790 /* Main.storyboard */,
			);
			path = ViewControllers;
			sourceTree = "<group>";
		};
		82B4300123EDB8AD0022AB6C /* Extensions */ = {
			isa = PBXGroup;
			children = (
				82B14A9C2406F2E500F8DDA4 /* Utils.swift */,
				82B42FFF23EDB8A70022AB6C /* UIColor+HexCode.swift */,
			);
			path = Extensions;
			sourceTree = "<group>";
		};
		82B4300423EDBB610022AB6C /* Models */ = {
			isa = PBXGroup;
			children = (
				82DABD342407FD8800BAA67E /* User Management */,
				82DABD332407FD7E00BAA67E /* RacoObjects */,
			);
			path = Models;
			sourceTree = "<group>";
		};
		82DABD2E2407FD4B00BAA67E /* Avisos */ = {
			isa = PBXGroup;
			children = (
				82B14AAE2407327D00F8DDA4 /* AvisosTableViewController.swift */,
				827046CB240816A7006B1AB4 /* AvisosDetallViewController.swift */,
				82DABD2C2407FD4700BAA67E /* AvisosTableViewCell.swift */,
			);
			path = Avisos;
			sourceTree = "<group>";
		};
		82DABD2F2407FD5500BAA67E /* Assignatures */ = {
			isa = PBXGroup;
			children = (
				82AD7FBB23EC644E003A1790 /* AsignaturasTableViewController.swift */,
				82F3EF3A24096979008A12E3 /* AssignaturaTableViewCell.swift */,
				828F87CD240E7D0300481E8D /* AssignaturaDetailedViewController.swift */,
			);
			path = Assignatures;
			sourceTree = "<group>";
		};
		82DABD302407FD5C00BAA67E /* Noticies */ = {
			isa = PBXGroup;
			children = (
				82B42FF423EDA7BC0022AB6C /* NoticiesTableViewController.swift */,
				82664AAD24087135008ED6F0 /* NoticiaTableViewCell.swift */,
			);
			path = Noticies;
			sourceTree = "<group>";
		};
		82DABD312407FD6200BAA67E /* Horari */ = {
			isa = PBXGroup;
			children = (
				82B42FEE23EDA44E0022AB6C /* HorariViewController.swift */,
			);
			path = Horari;
			sourceTree = "<group>";
		};
		82DABD322407FD6F00BAA67E /* Menu */ = {
			isa = PBXGroup;
			children = (
				82B42FFD23EDB0E90022AB6C /* MenuTableViewController.swift */,
				82B42FF823EDAC9A0022AB6C /* SalasBRGFViewController.swift */,
				82B42FFA23EDACA00022AB6C /* LabsViewController.swift */,
				82B42FF623EDAC880022AB6C /* ConfiguracionTableViewController.swift */,
				828F87D6240E89B200481E8D /* Mapa */,
			);
			path = Menu;
			sourceTree = "<group>";
		};
		82DABD332407FD7E00BAA67E /* RacoObjects */ = {
			isa = PBXGroup;
			children = (
				82B14AB02407332C00F8DDA4 /* Avis.swift */,
				82F3EF3624094FDB008A12E3 /* Horari.swift */,
				82F3EF3824096760008A12E3 /* Assignatura.swift */,
			);
			path = RacoObjects;
			sourceTree = "<group>";
		};
		82DABD342407FD8800BAA67E /* User Management */ = {
			isa = PBXGroup;
			children = (
				82B4300623EDBB610022AB6C /* User.swift */,
				82B14A982406ED7B00F8DDA4 /* RacoAPIManager.swift */,
				82B14AAA240708AA00F8DDA4 /* TokenResponse.swift */,
			);
			path = "User Management";
			sourceTree = "<group>";
		};
		BB2A7AD30148FE4F1C9D9F31 /* Frameworks */ = {
			isa = PBXGroup;
			children = (
				825FAF322409A6E300C99063 /* NetworkExtension.framework */,
				82B42FF023EDA6DA0022AB6C /* SpreadsheetView.framework */,
				85AE2201D07DB03CF53BA122 /* Pods_RacoMobile.framework */,
			);
			name = Frameworks;
			sourceTree = "<group>";
		};
/* End PBXGroup section */

/* Begin PBXNativeTarget section */
		82AD7FB123EC644E003A1790 /* RacoMobile */ = {
			isa = PBXNativeTarget;
			buildConfigurationList = 82AD7FDE23EC6450003A1790 /* Build configuration list for PBXNativeTarget "RacoMobile" */;
			buildPhases = (
				946FF022E1817CA59F9499E1 /* [CP] Check Pods Manifest.lock */,
				82AD7FAE23EC644E003A1790 /* Sources */,
				82AD7FAF23EC644E003A1790 /* Frameworks */,
				82AD7FB023EC644E003A1790 /* Resources */,
				A216666F5683BE3A619A29C5 /* [CP] Embed Pods Frameworks */,
				82B215B92410350200E99B06 /* Fabric */,
				82B215BA241035BD00E99B06 /* dSYMs Upload */,
			);
			buildRules = (
			);
			dependencies = (
			);
			name = RacoMobile;
			packageProductDependencies = (
			);
			productName = RacoMobile;
			productReference = 82AD7FB223EC644E003A1790 /* elRacoMobile.app */;
			productType = "com.apple.product-type.application";
		};
/* End PBXNativeTarget section */

/* Begin PBXProject section */
		82AD7FAA23EC644E003A1790 /* Project object */ = {
			isa = PBXProject;
			attributes = {
				LastSwiftUpdateCheck = 1130;
				LastUpgradeCheck = 1130;
				ORGANIZATIONNAME = "Alvaro Ariño Cabau";
				TargetAttributes = {
					82AD7FB123EC644E003A1790 = {
						CreatedOnToolsVersion = 11.3.1;
						LastSwiftMigration = 1130;
					};
				};
			};
			buildConfigurationList = 82AD7FAD23EC644E003A1790 /* Build configuration list for PBXProject "RacoMobile" */;
			compatibilityVersion = "Xcode 9.3";
			developmentRegion = en;
			hasScannedForEncodings = 0;
			knownRegions = (
				en,
				Base,
				es,
				ca,
			);
			mainGroup = 82AD7FA923EC644E003A1790;
			packageReferences = (
			);
			productRefGroup = 82AD7FB323EC644E003A1790 /* Products */;
			projectDirPath = "";
			projectRoot = "";
			targets = (
				82AD7FB123EC644E003A1790 /* RacoMobile */,
			);
		};
/* End PBXProject section */

/* Begin PBXResourcesBuildPhase section */
		82AD7FB023EC644E003A1790 /* Resources */ = {
			isa = PBXResourcesBuildPhase;
			buildActionMask = 2147483647;
			files = (
				828F87D9240E8B1700481E8D /* FIB.kml in Resources */,
				829521EE240C5EC500884739 /* LICENSE in Resources */,
				82AD7FC423EC6450003A1790 /* LaunchScreen.storyboard in Resources */,
				82F3EF3D24096DAA008A12E3 /* GoogleService-Info.plist in Resources */,
				828F8463240A7628001AB3BC /* README.md in Resources */,
				82A5802F240D5BB00053164F /* Localizable.strings in Resources */,
				82AD7FC123EC6450003A1790 /* Assets.xcassets in Resources */,
				82AD7FBF23EC644E003A1790 /* Main.storyboard in Resources */,
			);
			runOnlyForDeploymentPostprocessing = 0;
		};
/* End PBXResourcesBuildPhase section */

/* Begin PBXShellScriptBuildPhase section */
		82B215B92410350200E99B06 /* Fabric */ = {
			isa = PBXShellScriptBuildPhase;
			buildActionMask = 2147483647;
			files = (
			);
			inputFileListPaths = (
			);
			inputPaths = (
			);
			name = Fabric;
			outputFileListPaths = (
			);
			outputPaths = (
			);
			runOnlyForDeploymentPostprocessing = 0;
			shellPath = /bin/sh;
			shellScript = "\"${PODS_ROOT}/Fabric/run\"\n";
		};
		82B215BA241035BD00E99B06 /* dSYMs Upload */ = {
			isa = PBXShellScriptBuildPhase;
			buildActionMask = 2147483647;
			files = (
			);
			inputFileListPaths = (
			);
			inputPaths = (
			);
			name = "dSYMs Upload";
			outputFileListPaths = (
			);
			outputPaths = (
			);
			runOnlyForDeploymentPostprocessing = 0;
			shellPath = /bin/sh;
			shellScript = "\"${PODS_ROOT}/Fabric/upload-symbols\" -gsp \"${PROJECT_DIR}/GoogleService-Info.plist\" -p ios \"${DWARF_DSYM_FOLDER_PATH}/${DWARF_DSYM_FILE_NAME}\"\n";
		};
		946FF022E1817CA59F9499E1 /* [CP] Check Pods Manifest.lock */ = {
			isa = PBXShellScriptBuildPhase;
			buildActionMask = 2147483647;
			files = (
			);
			inputFileListPaths = (
			);
			inputPaths = (
				"${PODS_PODFILE_DIR_PATH}/Podfile.lock",
				"${PODS_ROOT}/Manifest.lock",
			);
			name = "[CP] Check Pods Manifest.lock";
			outputFileListPaths = (
			);
			outputPaths = (
				"$(DERIVED_FILE_DIR)/Pods-RacoMobile-checkManifestLockResult.txt",
			);
			runOnlyForDeploymentPostprocessing = 0;
			shellPath = /bin/sh;
			shellScript = "diff \"${PODS_PODFILE_DIR_PATH}/Podfile.lock\" \"${PODS_ROOT}/Manifest.lock\" > /dev/null\nif [ $? != 0 ] ; then\n    # print error to STDERR\n    echo \"error: The sandbox is not in sync with the Podfile.lock. Run 'pod install' or update your CocoaPods installation.\" >&2\n    exit 1\nfi\n# This output is used by Xcode 'outputs' to avoid re-running this script phase.\necho \"SUCCESS\" > \"${SCRIPT_OUTPUT_FILE_0}\"\n";
			showEnvVarsInLog = 0;
		};
		A216666F5683BE3A619A29C5 /* [CP] Embed Pods Frameworks */ = {
			isa = PBXShellScriptBuildPhase;
			buildActionMask = 2147483647;
			files = (
			);
			inputFileListPaths = (
				"${PODS_ROOT}/Target Support Files/Pods-RacoMobile/Pods-RacoMobile-frameworks-${CONFIGURATION}-input-files.xcfilelist",
			);
			name = "[CP] Embed Pods Frameworks";
			outputFileListPaths = (
				"${PODS_ROOT}/Target Support Files/Pods-RacoMobile/Pods-RacoMobile-frameworks-${CONFIGURATION}-output-files.xcfilelist",
			);
			runOnlyForDeploymentPostprocessing = 0;
			shellPath = /bin/sh;
			shellScript = "\"${PODS_ROOT}/Target Support Files/Pods-RacoMobile/Pods-RacoMobile-frameworks.sh\"\n";
			showEnvVarsInLog = 0;
		};
/* End PBXShellScriptBuildPhase section */

/* Begin PBXSourcesBuildPhase section */
		82AD7FAE23EC644E003A1790 /* Sources */ = {
			isa = PBXSourcesBuildPhase;
			buildActionMask = 2147483647;
			files = (
				82B42FEF23EDA44E0022AB6C /* HorariViewController.swift in Sources */,
				82B42FF723EDAC880022AB6C /* ConfiguracionTableViewController.swift in Sources */,
				82B42FFE23EDB0E90022AB6C /* MenuTableViewController.swift in Sources */,
				828F87CE240E7D0300481E8D /* AssignaturaDetailedViewController.swift in Sources */,
				82B4300023EDB8A70022AB6C /* UIColor+HexCode.swift in Sources */,
				82B14AB12407332C00F8DDA4 /* Avis.swift in Sources */,
				82664AAE24087135008ED6F0 /* NoticiaTableViewCell.swift in Sources */,
				82F3EF3B24096979008A12E3 /* AssignaturaTableViewCell.swift in Sources */,
				82C2EC0A240D19D500F7EA72 /* RacoMobile.xcdatamodeld in Sources */,
				82B42FF523EDA7BC0022AB6C /* NoticiesTableViewController.swift in Sources */,
				82B14A9D2406F2E500F8DDA4 /* Utils.swift in Sources */,
				82B14A992406ED7B00F8DDA4 /* RacoAPIManager.swift in Sources */,
				82F3EF3924096760008A12E3 /* Assignatura.swift in Sources */,
				82B4300823EDBB610022AB6C /* User.swift in Sources */,
				82DABD2D2407FD4700BAA67E /* AvisosTableViewCell.swift in Sources */,
				82AD7FBC23EC644E003A1790 /* AsignaturasTableViewController.swift in Sources */,
				82B42FF923EDAC9A0022AB6C /* SalasBRGFViewController.swift in Sources */,
				82B14A9B2406EDCB00F8DDA4 /* LogInViewController.swift in Sources */,
				82F3EF3724094FDB008A12E3 /* Horari.swift in Sources */,
				823CE1AB240D47A5008E9485 /* PushNotificationsSender.swift in Sources */,
				82B42FFB23EDACA00022AB6C /* LabsViewController.swift in Sources */,
				827046CC240816A7006B1AB4 /* AvisosDetallViewController.swift in Sources */,
				82AD7FB623EC644E003A1790 /* AppDelegate.swift in Sources */,
				82B14AAB240708AA00F8DDA4 /* TokenResponse.swift in Sources */,
				82AD7FB823EC644E003A1790 /* SceneDelegate.swift in Sources */,
				823CE1A9240D4388008E9485 /* PushNotificationManager.swift in Sources */,
				82B14AAF2407327D00F8DDA4 /* AvisosTableViewController.swift in Sources */,
				828F87D1240E85F100481E8D /* MapViewController.swift in Sources */,
				82B14AAD2407321400F8DDA4 /* References.swift in Sources */,
			);
			runOnlyForDeploymentPostprocessing = 0;
		};
/* End PBXSourcesBuildPhase section */

/* Begin PBXVariantGroup section */
		82A58031240D5BB00053164F /* Localizable.strings */ = {
			isa = PBXVariantGroup;
			children = (
				82A58030240D5BB00053164F /* en */,
				828561392413BC5300B34E75 /* es */,
				8285613C2413BC7000B34E75 /* ca */,
			);
			name = Localizable.strings;
			sourceTree = "<group>";
		};
		82AD7FBD23EC644E003A1790 /* Main.storyboard */ = {
			isa = PBXVariantGroup;
			children = (
				82AD7FBE23EC644E003A1790 /* Base */,
				828561372413BC5200B34E75 /* es */,
				8285613A2413BC6F00B34E75 /* ca */,
			);
			name = Main.storyboard;
			sourceTree = "<group>";
		};
		82AD7FC223EC6450003A1790 /* LaunchScreen.storyboard */ = {
			isa = PBXVariantGroup;
			children = (
				82AD7FC323EC6450003A1790 /* Base */,
				828561382413BC5200B34E75 /* es */,
				8285613B2413BC6F00B34E75 /* ca */,
			);
			name = LaunchScreen.storyboard;
			sourceTree = "<group>";
		};
/* End PBXVariantGroup section */

/* Begin XCBuildConfiguration section */
		82AD7FDC23EC6450003A1790 /* Debug */ = {
			isa = XCBuildConfiguration;
			buildSettings = {
				ALWAYS_SEARCH_USER_PATHS = NO;
				CLANG_ANALYZER_LOCALIZABILITY_NONLOCALIZED = YES;
				CLANG_ANALYZER_NONNULL = YES;
				CLANG_ANALYZER_NUMBER_OBJECT_CONVERSION = YES_AGGRESSIVE;
				CLANG_CXX_LANGUAGE_STANDARD = "gnu++14";
				CLANG_CXX_LIBRARY = "libc++";
				CLANG_ENABLE_MODULES = YES;
				CLANG_ENABLE_OBJC_ARC = YES;
				CLANG_ENABLE_OBJC_WEAK = YES;
				CLANG_WARN_BLOCK_CAPTURE_AUTORELEASING = YES;
				CLANG_WARN_BOOL_CONVERSION = YES;
				CLANG_WARN_COMMA = YES;
				CLANG_WARN_CONSTANT_CONVERSION = YES;
				CLANG_WARN_DEPRECATED_OBJC_IMPLEMENTATIONS = YES;
				CLANG_WARN_DIRECT_OBJC_ISA_USAGE = YES_ERROR;
				CLANG_WARN_DOCUMENTATION_COMMENTS = YES;
				CLANG_WARN_EMPTY_BODY = YES;
				CLANG_WARN_ENUM_CONVERSION = YES;
				CLANG_WARN_INFINITE_RECURSION = YES;
				CLANG_WARN_INT_CONVERSION = YES;
				CLANG_WARN_NON_LITERAL_NULL_CONVERSION = YES;
				CLANG_WARN_OBJC_IMPLICIT_RETAIN_SELF = YES;
				CLANG_WARN_OBJC_LITERAL_CONVERSION = YES;
				CLANG_WARN_OBJC_ROOT_CLASS = YES_ERROR;
				CLANG_WARN_RANGE_LOOP_ANALYSIS = YES;
				CLANG_WARN_STRICT_PROTOTYPES = YES;
				CLANG_WARN_SUSPICIOUS_MOVE = YES;
				CLANG_WARN_UNGUARDED_AVAILABILITY = YES_AGGRESSIVE;
				CLANG_WARN_UNREACHABLE_CODE = YES;
				CLANG_WARN__DUPLICATE_METHOD_MATCH = YES;
				COPY_PHASE_STRIP = NO;
				DEBUG_INFORMATION_FORMAT = dwarf;
				ENABLE_STRICT_OBJC_MSGSEND = YES;
				ENABLE_TESTABILITY = YES;
				GCC_C_LANGUAGE_STANDARD = gnu11;
				GCC_DYNAMIC_NO_PIC = NO;
				GCC_NO_COMMON_BLOCKS = YES;
				GCC_OPTIMIZATION_LEVEL = 0;
				GCC_PREPROCESSOR_DEFINITIONS = (
					"DEBUG=1",
					"$(inherited)",
				);
				GCC_WARN_64_TO_32_BIT_CONVERSION = YES;
				GCC_WARN_ABOUT_RETURN_TYPE = YES_ERROR;
				GCC_WARN_UNDECLARED_SELECTOR = YES;
				GCC_WARN_UNINITIALIZED_AUTOS = YES_AGGRESSIVE;
				GCC_WARN_UNUSED_FUNCTION = YES;
				GCC_WARN_UNUSED_VARIABLE = YES;
				IPHONEOS_DEPLOYMENT_TARGET = 13.2;
				MTL_ENABLE_DEBUG_INFO = INCLUDE_SOURCE;
				MTL_FAST_MATH = YES;
				ONLY_ACTIVE_ARCH = YES;
				SDKROOT = iphoneos;
				SWIFT_ACTIVE_COMPILATION_CONDITIONS = DEBUG;
				SWIFT_OPTIMIZATION_LEVEL = "-Onone";
			};
			name = Debug;
		};
		82AD7FDD23EC6450003A1790 /* Release */ = {
			isa = XCBuildConfiguration;
			buildSettings = {
				ALWAYS_SEARCH_USER_PATHS = NO;
				CLANG_ANALYZER_LOCALIZABILITY_NONLOCALIZED = YES;
				CLANG_ANALYZER_NONNULL = YES;
				CLANG_ANALYZER_NUMBER_OBJECT_CONVERSION = YES_AGGRESSIVE;
				CLANG_CXX_LANGUAGE_STANDARD = "gnu++14";
				CLANG_CXX_LIBRARY = "libc++";
				CLANG_ENABLE_MODULES = YES;
				CLANG_ENABLE_OBJC_ARC = YES;
				CLANG_ENABLE_OBJC_WEAK = YES;
				CLANG_WARN_BLOCK_CAPTURE_AUTORELEASING = YES;
				CLANG_WARN_BOOL_CONVERSION = YES;
				CLANG_WARN_COMMA = YES;
				CLANG_WARN_CONSTANT_CONVERSION = YES;
				CLANG_WARN_DEPRECATED_OBJC_IMPLEMENTATIONS = YES;
				CLANG_WARN_DIRECT_OBJC_ISA_USAGE = YES_ERROR;
				CLANG_WARN_DOCUMENTATION_COMMENTS = YES;
				CLANG_WARN_EMPTY_BODY = YES;
				CLANG_WARN_ENUM_CONVERSION = YES;
				CLANG_WARN_INFINITE_RECURSION = YES;
				CLANG_WARN_INT_CONVERSION = YES;
				CLANG_WARN_NON_LITERAL_NULL_CONVERSION = YES;
				CLANG_WARN_OBJC_IMPLICIT_RETAIN_SELF = YES;
				CLANG_WARN_OBJC_LITERAL_CONVERSION = YES;
				CLANG_WARN_OBJC_ROOT_CLASS = YES_ERROR;
				CLANG_WARN_RANGE_LOOP_ANALYSIS = YES;
				CLANG_WARN_STRICT_PROTOTYPES = YES;
				CLANG_WARN_SUSPICIOUS_MOVE = YES;
				CLANG_WARN_UNGUARDED_AVAILABILITY = YES_AGGRESSIVE;
				CLANG_WARN_UNREACHABLE_CODE = YES;
				CLANG_WARN__DUPLICATE_METHOD_MATCH = YES;
				COPY_PHASE_STRIP = NO;
				DEBUG_INFORMATION_FORMAT = "dwarf-with-dsym";
				ENABLE_NS_ASSERTIONS = NO;
				ENABLE_STRICT_OBJC_MSGSEND = YES;
				GCC_C_LANGUAGE_STANDARD = gnu11;
				GCC_NO_COMMON_BLOCKS = YES;
				GCC_WARN_64_TO_32_BIT_CONVERSION = YES;
				GCC_WARN_ABOUT_RETURN_TYPE = YES_ERROR;
				GCC_WARN_UNDECLARED_SELECTOR = YES;
				GCC_WARN_UNINITIALIZED_AUTOS = YES_AGGRESSIVE;
				GCC_WARN_UNUSED_FUNCTION = YES;
				GCC_WARN_UNUSED_VARIABLE = YES;
				IPHONEOS_DEPLOYMENT_TARGET = 13.2;
				MTL_ENABLE_DEBUG_INFO = NO;
				MTL_FAST_MATH = YES;
				SDKROOT = iphoneos;
				SWIFT_COMPILATION_MODE = wholemodule;
				SWIFT_OPTIMIZATION_LEVEL = "-O";
				VALIDATE_PRODUCT = YES;
			};
			name = Release;
		};
		82AD7FDF23EC6450003A1790 /* Debug */ = {
			isa = XCBuildConfiguration;
			baseConfigurationReference = E469655B9BE0322C11FBE98B /* Pods-RacoMobile.debug.xcconfig */;
			buildSettings = {
				ASSETCATALOG_COMPILER_APPICON_NAME = AppIcon;
				CLANG_ENABLE_MODULES = YES;
				CODE_SIGN_ENTITLEMENTS = RacoMobile/elRacoMobile.entitlements;
				CODE_SIGN_STYLE = Automatic;
				CURRENT_PROJECT_VERSION = 2020.1.0.0.12;
				DEBUG_INFORMATION_FORMAT = "dwarf-with-dsym";
				DEVELOPMENT_TEAM = 82XR7RM34L;
				INFOPLIST_FILE = RacoMobile/Info.plist;
				LD_RUNPATH_SEARCH_PATHS = (
					"$(inherited)",
					"@executable_path/Frameworks",
				);
				MARKETING_VERSION = 1.0.0;
				PRODUCT_BUNDLE_IDENTIFIER = com.alvaroarinocabau.RacoMobile;
				PRODUCT_NAME = elRacoMobile;
				SUPPORTS_MACCATALYST = NO;
				SWIFT_INSTALL_OBJC_HEADER = NO;
				SWIFT_OBJC_BRIDGING_HEADER = "";
				SWIFT_OPTIMIZATION_LEVEL = "-Onone";
				SWIFT_PRECOMPILE_BRIDGING_HEADER = NO;
				SWIFT_VERSION = 5.0;
				TARGETED_DEVICE_FAMILY = "1,2";
			};
			name = Debug;
		};
		82AD7FE023EC6450003A1790 /* Release */ = {
			isa = XCBuildConfiguration;
			baseConfigurationReference = 2B8E92835E648DA953FCFD5C /* Pods-RacoMobile.release.xcconfig */;
			buildSettings = {
				ASSETCATALOG_COMPILER_APPICON_NAME = AppIcon;
				CLANG_ENABLE_MODULES = YES;
				CODE_SIGN_ENTITLEMENTS = RacoMobile/elRacoMobile.entitlements;
				CODE_SIGN_STYLE = Automatic;
				CURRENT_PROJECT_VERSION = 2020.1.0.0.12;
				DEVELOPMENT_TEAM = 82XR7RM34L;
				INFOPLIST_FILE = RacoMobile/Info.plist;
				LD_RUNPATH_SEARCH_PATHS = (
					"$(inherited)",
					"@executable_path/Frameworks",
				);
				MARKETING_VERSION = 1.0.0;
				PRODUCT_BUNDLE_IDENTIFIER = com.alvaroarinocabau.RacoMobile;
				PRODUCT_NAME = elRacoMobile;
				SUPPORTS_MACCATALYST = NO;
				SWIFT_INSTALL_OBJC_HEADER = NO;
				SWIFT_OBJC_BRIDGING_HEADER = "";
				SWIFT_PRECOMPILE_BRIDGING_HEADER = NO;
				SWIFT_VERSION = 5.0;
				TARGETED_DEVICE_FAMILY = "1,2";
			};
			name = Release;
		};
/* End XCBuildConfiguration section */

/* Begin XCConfigurationList section */
		82AD7FAD23EC644E003A1790 /* Build configuration list for PBXProject "RacoMobile" */ = {
			isa = XCConfigurationList;
			buildConfigurations = (
				82AD7FDC23EC6450003A1790 /* Debug */,
				82AD7FDD23EC6450003A1790 /* Release */,
			);
			defaultConfigurationIsVisible = 0;
			defaultConfigurationName = Release;
		};
		82AD7FDE23EC6450003A1790 /* Build configuration list for PBXNativeTarget "RacoMobile" */ = {
			isa = XCConfigurationList;
			buildConfigurations = (
				82AD7FDF23EC6450003A1790 /* Debug */,
				82AD7FE023EC6450003A1790 /* Release */,
			);
			defaultConfigurationIsVisible = 0;
			defaultConfigurationName = Release;
		};
/* End XCConfigurationList section */

/* Begin XCVersionGroup section */
		82C2EC08240D19D500F7EA72 /* RacoMobile.xcdatamodeld */ = {
			isa = XCVersionGroup;
			children = (
				82C2EC09240D19D500F7EA72 /* RacoMobile.xcdatamodel */,
			);
			currentVersion = 82C2EC09240D19D500F7EA72 /* RacoMobile.xcdatamodel */;
			path = RacoMobile.xcdatamodeld;
			sourceTree = "<group>";
			versionGroupType = wrapper.xcdatamodel;
		};
/* End XCVersionGroup section */
	};
	rootObject = 82AD7FAA23EC644E003A1790 /* Project object */;
}
